// !$*UTF8*$!
{
	archiveVersion = 1;
	classes = {
	};
	objectVersion = 46;
	objects = {

/* Begin PBXBuildFile section */
		0473E55B1B1472D40068F814 /* plus.png in Resources */ = {isa = PBXBuildFile; fileRef = 0473E5581B1472D40068F814 /* plus.png */; };
		0473E55C1B1472D40068F814 /* plus@2x.png in Resources */ = {isa = PBXBuildFile; fileRef = 0473E5591B1472D40068F814 /* plus@2x.png */; };
		0473E55D1B1472D40068F814 /* plus@3x.png in Resources */ = {isa = PBXBuildFile; fileRef = 0473E55A1B1472D40068F814 /* plus@3x.png */; };
		0473E5631B1478A80068F814 /* SectionInfo.m in Sources */ = {isa = PBXBuildFile; fileRef = 0473E5601B1478A80068F814 /* SectionInfo.m */; };
		0473E5641B1478A80068F814 /* SectionView.m in Sources */ = {isa = PBXBuildFile; fileRef = 0473E5621B1478A80068F814 /* SectionView.m */; };
		0473E5A51B1478ED0068F814 /* Cities.m in Sources */ = {isa = PBXBuildFile; fileRef = 0473E5691B1478ED0068F814 /* Cities.m */; };
		0473E5A61B1478ED0068F814 /* Location.m in Sources */ = {isa = PBXBuildFile; fileRef = 0473E56B1B1478ED0068F814 /* Location.m */; };
		0473E5A71B1478ED0068F814 /* Post.m in Sources */ = {isa = PBXBuildFile; fileRef = 0473E56F1B1478ED0068F814 /* Post.m */; };
		0473E5A81B1478ED0068F814 /* HealthiansAPI.m in Sources */ = {isa = PBXBuildFile; fileRef = 0473E5721B1478ED0068F814 /* HealthiansAPI.m */; };
		0473E5A91B1478ED0068F814 /* AFHTTPRequestOperation.m in Sources */ = {isa = PBXBuildFile; fileRef = 0473E5771B1478ED0068F814 /* AFHTTPRequestOperation.m */; };
		0473E5AA1B1478ED0068F814 /* AFHTTPRequestOperationManager.m in Sources */ = {isa = PBXBuildFile; fileRef = 0473E5791B1478ED0068F814 /* AFHTTPRequestOperationManager.m */; };
		0473E5AB1B1478ED0068F814 /* AFHTTPSessionManager.m in Sources */ = {isa = PBXBuildFile; fileRef = 0473E57B1B1478ED0068F814 /* AFHTTPSessionManager.m */; };
		0473E5AC1B1478ED0068F814 /* AFNetworkReachabilityManager.m in Sources */ = {isa = PBXBuildFile; fileRef = 0473E57E1B1478ED0068F814 /* AFNetworkReachabilityManager.m */; };
		0473E5AD1B1478ED0068F814 /* AFSecurityPolicy.m in Sources */ = {isa = PBXBuildFile; fileRef = 0473E5801B1478ED0068F814 /* AFSecurityPolicy.m */; };
		0473E5AE1B1478ED0068F814 /* AFURLConnectionOperation.m in Sources */ = {isa = PBXBuildFile; fileRef = 0473E5821B1478ED0068F814 /* AFURLConnectionOperation.m */; };
		0473E5AF1B1478ED0068F814 /* AFURLRequestSerialization.m in Sources */ = {isa = PBXBuildFile; fileRef = 0473E5841B1478ED0068F814 /* AFURLRequestSerialization.m */; };
		0473E5B01B1478ED0068F814 /* AFURLResponseSerialization.m in Sources */ = {isa = PBXBuildFile; fileRef = 0473E5861B1478ED0068F814 /* AFURLResponseSerialization.m */; };
		0473E5B11B1478ED0068F814 /* AFURLSessionManager.m in Sources */ = {isa = PBXBuildFile; fileRef = 0473E5881B1478ED0068F814 /* AFURLSessionManager.m */; };
		0473E5B21B1478ED0068F814 /* AFNetworkActivityIndicatorManager.m in Sources */ = {isa = PBXBuildFile; fileRef = 0473E58B1B1478ED0068F814 /* AFNetworkActivityIndicatorManager.m */; };
		0473E5B31B1478ED0068F814 /* UIActivityIndicatorView+AFNetworking.m in Sources */ = {isa = PBXBuildFile; fileRef = 0473E58D1B1478ED0068F814 /* UIActivityIndicatorView+AFNetworking.m */; };
		0473E5B41B1478ED0068F814 /* UIAlertView+AFNetworking.m in Sources */ = {isa = PBXBuildFile; fileRef = 0473E58F1B1478ED0068F814 /* UIAlertView+AFNetworking.m */; };
		0473E5B51B1478ED0068F814 /* UIButton+AFNetworking.m in Sources */ = {isa = PBXBuildFile; fileRef = 0473E5911B1478ED0068F814 /* UIButton+AFNetworking.m */; };
		0473E5B61B1478ED0068F814 /* UIImageView+AFNetworking.m in Sources */ = {isa = PBXBuildFile; fileRef = 0473E5931B1478ED0068F814 /* UIImageView+AFNetworking.m */; };
		0473E5B71B1478ED0068F814 /* UIProgressView+AFNetworking.m in Sources */ = {isa = PBXBuildFile; fileRef = 0473E5961B1478ED0068F814 /* UIProgressView+AFNetworking.m */; };
		0473E5B81B1478ED0068F814 /* UIRefreshControl+AFNetworking.m in Sources */ = {isa = PBXBuildFile; fileRef = 0473E5981B1478ED0068F814 /* UIRefreshControl+AFNetworking.m */; };
		0473E5B91B1478ED0068F814 /* UIWebView+AFNetworking.m in Sources */ = {isa = PBXBuildFile; fileRef = 0473E59A1B1478ED0068F814 /* UIWebView+AFNetworking.m */; };
		0473E5BA1B1478ED0068F814 /* Reachability.m in Sources */ = {isa = PBXBuildFile; fileRef = 0473E59D1B1478ED0068F814 /* Reachability.m */; };
		0473E5BB1B1478ED0068F814 /* SVIndefiniteAnimatedView.m in Sources */ = {isa = PBXBuildFile; fileRef = 0473E5A01B1478ED0068F814 /* SVIndefiniteAnimatedView.m */; };
		0473E5BC1B1478ED0068F814 /* SVProgressHUD.bundle in Resources */ = {isa = PBXBuildFile; fileRef = 0473E5A21B1478ED0068F814 /* SVProgressHUD.bundle */; };
		0473E5BD1B1478ED0068F814 /* SVProgressHUD.m in Sources */ = {isa = PBXBuildFile; fileRef = 0473E5A41B1478ED0068F814 /* SVProgressHUD.m */; };
		0473E5C51B14792F0068F814 /* AppDelegate.m in Sources */ = {isa = PBXBuildFile; fileRef = 0473E5C11B14792F0068F814 /* AppDelegate.m */; };
		0473E5C61B14792F0068F814 /* ViewController.m in Sources */ = {isa = PBXBuildFile; fileRef = 0473E5C41B14792F0068F814 /* ViewController.m */; };
		7DDD41231B13FD790072AF42 /* main.m in Sources */ = {isa = PBXBuildFile; fileRef = 7DDD41221B13FD790072AF42 /* main.m */; };
		7DDD412C1B13FD790072AF42 /* Main.storyboard in Resources */ = {isa = PBXBuildFile; fileRef = 7DDD412A1B13FD790072AF42 /* Main.storyboard */; };
		7DDD412E1B13FD790072AF42 /* Images.xcassets in Resources */ = {isa = PBXBuildFile; fileRef = 7DDD412D1B13FD790072AF42 /* Images.xcassets */; };
		7DDD41311B13FD790072AF42 /* LaunchScreen.xib in Resources */ = {isa = PBXBuildFile; fileRef = 7DDD412F1B13FD790072AF42 /* LaunchScreen.xib */; };
		7DDD413D1B13FD790072AF42 /* CollapsableTableViewTests.m in Sources */ = {isa = PBXBuildFile; fileRef = 7DDD413C1B13FD790072AF42 /* CollapsableTableViewTests.m */; };
		7DDD41481B13FE2C0072AF42 /* ALCustomColoredAccessory.m in Sources */ = {isa = PBXBuildFile; fileRef = 7DDD41471B13FE2C0072AF42 /* ALCustomColoredAccessory.m */; };
/* End PBXBuildFile section */

/* Begin PBXContainerItemProxy section */
		7DDD41371B13FD790072AF42 /* PBXContainerItemProxy */ = {
			isa = PBXContainerItemProxy;
			containerPortal = 7DDD41151B13FD790072AF42 /* Project object */;
			proxyType = 1;
			remoteGlobalIDString = 7DDD411C1B13FD790072AF42;
			remoteInfo = CollapsableTableView;
		};
/* End PBXContainerItemProxy section */

/* Begin PBXFileReference section */
		0473E5581B1472D40068F814 /* plus.png */ = {isa = PBXFileReference; lastKnownFileType = image.png; path = plus.png; sourceTree = "<group>"; };
		0473E5591B1472D40068F814 /* plus@2x.png */ = {isa = PBXFileReference; lastKnownFileType = image.png; path = "plus@2x.png"; sourceTree = "<group>"; };
		0473E55A1B1472D40068F814 /* plus@3x.png */ = {isa = PBXFileReference; lastKnownFileType = image.png; path = "plus@3x.png"; sourceTree = "<group>"; };
		0473E55F1B1478A80068F814 /* SectionInfo.h */ = {isa = PBXFileReference; fileEncoding = 4; lastKnownFileType = sourcecode.c.h; path = SectionInfo.h; sourceTree = "<group>"; };
		0473E5601B1478A80068F814 /* SectionInfo.m */ = {isa = PBXFileReference; fileEncoding = 4; lastKnownFileType = sourcecode.c.objc; path = SectionInfo.m; sourceTree = "<group>"; };
		0473E5611B1478A80068F814 /* SectionView.h */ = {isa = PBXFileReference; fileEncoding = 4; lastKnownFileType = sourcecode.c.h; path = SectionView.h; sourceTree = "<group>"; };
		0473E5621B1478A80068F814 /* SectionView.m */ = {isa = PBXFileReference; fileEncoding = 4; lastKnownFileType = sourcecode.c.objc; path = SectionView.m; sourceTree = "<group>"; };
		0473E5681B1478ED0068F814 /* Cities.h */ = {isa = PBXFileReference; fileEncoding = 4; lastKnownFileType = sourcecode.c.h; path = Cities.h; sourceTree = "<group>"; };
		0473E5691B1478ED0068F814 /* Cities.m */ = {isa = PBXFileReference; fileEncoding = 4; lastKnownFileType = sourcecode.c.objc; path = Cities.m; sourceTree = "<group>"; };
		0473E56A1B1478ED0068F814 /* Location.h */ = {isa = PBXFileReference; fileEncoding = 4; lastKnownFileType = sourcecode.c.h; path = Location.h; sourceTree = "<group>"; };
		0473E56B1B1478ED0068F814 /* Location.m */ = {isa = PBXFileReference; fileEncoding = 4; lastKnownFileType = sourcecode.c.objc; path = Location.m; sourceTree = "<group>"; };
		0473E56E1B1478ED0068F814 /* Post.h */ = {isa = PBXFileReference; fileEncoding = 4; lastKnownFileType = sourcecode.c.h; path = Post.h; sourceTree = "<group>"; };
		0473E56F1B1478ED0068F814 /* Post.m */ = {isa = PBXFileReference; fileEncoding = 4; lastKnownFileType = sourcecode.c.objc; path = Post.m; sourceTree = "<group>"; };
		0473E5711B1478ED0068F814 /* HealthiansAPI.h */ = {isa = PBXFileReference; fileEncoding = 4; lastKnownFileType = sourcecode.c.h; path = HealthiansAPI.h; sourceTree = "<group>"; };
		0473E5721B1478ED0068F814 /* HealthiansAPI.m */ = {isa = PBXFileReference; fileEncoding = 4; lastKnownFileType = sourcecode.c.objc; path = HealthiansAPI.m; sourceTree = "<group>"; };
		0473E5761B1478ED0068F814 /* AFHTTPRequestOperation.h */ = {isa = PBXFileReference; fileEncoding = 4; lastKnownFileType = sourcecode.c.h; path = AFHTTPRequestOperation.h; sourceTree = "<group>"; };
		0473E5771B1478ED0068F814 /* AFHTTPRequestOperation.m */ = {isa = PBXFileReference; fileEncoding = 4; lastKnownFileType = sourcecode.c.objc; path = AFHTTPRequestOperation.m; sourceTree = "<group>"; };
		0473E5781B1478ED0068F814 /* AFHTTPRequestOperationManager.h */ = {isa = PBXFileReference; fileEncoding = 4; lastKnownFileType = sourcecode.c.h; path = AFHTTPRequestOperationManager.h; sourceTree = "<group>"; };
		0473E5791B1478ED0068F814 /* AFHTTPRequestOperationManager.m */ = {isa = PBXFileReference; fileEncoding = 4; lastKnownFileType = sourcecode.c.objc; path = AFHTTPRequestOperationManager.m; sourceTree = "<group>"; };
		0473E57A1B1478ED0068F814 /* AFHTTPSessionManager.h */ = {isa = PBXFileReference; fileEncoding = 4; lastKnownFileType = sourcecode.c.h; path = AFHTTPSessionManager.h; sourceTree = "<group>"; };
		0473E57B1B1478ED0068F814 /* AFHTTPSessionManager.m */ = {isa = PBXFileReference; fileEncoding = 4; lastKnownFileType = sourcecode.c.objc; path = AFHTTPSessionManager.m; sourceTree = "<group>"; };
		0473E57C1B1478ED0068F814 /* AFNetworking.h */ = {isa = PBXFileReference; fileEncoding = 4; lastKnownFileType = sourcecode.c.h; path = AFNetworking.h; sourceTree = "<group>"; };
		0473E57D1B1478ED0068F814 /* AFNetworkReachabilityManager.h */ = {isa = PBXFileReference; fileEncoding = 4; lastKnownFileType = sourcecode.c.h; path = AFNetworkReachabilityManager.h; sourceTree = "<group>"; };
		0473E57E1B1478ED0068F814 /* AFNetworkReachabilityManager.m */ = {isa = PBXFileReference; fileEncoding = 4; lastKnownFileType = sourcecode.c.objc; path = AFNetworkReachabilityManager.m; sourceTree = "<group>"; };
		0473E57F1B1478ED0068F814 /* AFSecurityPolicy.h */ = {isa = PBXFileReference; fileEncoding = 4; lastKnownFileType = sourcecode.c.h; path = AFSecurityPolicy.h; sourceTree = "<group>"; };
		0473E5801B1478ED0068F814 /* AFSecurityPolicy.m */ = {isa = PBXFileReference; fileEncoding = 4; lastKnownFileType = sourcecode.c.objc; path = AFSecurityPolicy.m; sourceTree = "<group>"; };
		0473E5811B1478ED0068F814 /* AFURLConnectionOperation.h */ = {isa = PBXFileReference; fileEncoding = 4; lastKnownFileType = sourcecode.c.h; path = AFURLConnectionOperation.h; sourceTree = "<group>"; };
		0473E5821B1478ED0068F814 /* AFURLConnectionOperation.m */ = {isa = PBXFileReference; fileEncoding = 4; lastKnownFileType = sourcecode.c.objc; path = AFURLConnectionOperation.m; sourceTree = "<group>"; };
		0473E5831B1478ED0068F814 /* AFURLRequestSerialization.h */ = {isa = PBXFileReference; fileEncoding = 4; lastKnownFileType = sourcecode.c.h; path = AFURLRequestSerialization.h; sourceTree = "<group>"; };
		0473E5841B1478ED0068F814 /* AFURLRequestSerialization.m */ = {isa = PBXFileReference; fileEncoding = 4; lastKnownFileType = sourcecode.c.objc; path = AFURLRequestSerialization.m; sourceTree = "<group>"; };
		0473E5851B1478ED0068F814 /* AFURLResponseSerialization.h */ = {isa = PBXFileReference; fileEncoding = 4; lastKnownFileType = sourcecode.c.h; path = AFURLResponseSerialization.h; sourceTree = "<group>"; };
		0473E5861B1478ED0068F814 /* AFURLResponseSerialization.m */ = {isa = PBXFileReference; fileEncoding = 4; lastKnownFileType = sourcecode.c.objc; path = AFURLResponseSerialization.m; sourceTree = "<group>"; };
		0473E5871B1478ED0068F814 /* AFURLSessionManager.h */ = {isa = PBXFileReference; fileEncoding = 4; lastKnownFileType = sourcecode.c.h; path = AFURLSessionManager.h; sourceTree = "<group>"; };
		0473E5881B1478ED0068F814 /* AFURLSessionManager.m */ = {isa = PBXFileReference; fileEncoding = 4; lastKnownFileType = sourcecode.c.objc; path = AFURLSessionManager.m; sourceTree = "<group>"; };
		0473E58A1B1478ED0068F814 /* AFNetworkActivityIndicatorManager.h */ = {isa = PBXFileReference; fileEncoding = 4; lastKnownFileType = sourcecode.c.h; path = AFNetworkActivityIndicatorManager.h; sourceTree = "<group>"; };
		0473E58B1B1478ED0068F814 /* AFNetworkActivityIndicatorManager.m */ = {isa = PBXFileReference; fileEncoding = 4; lastKnownFileType = sourcecode.c.objc; path = AFNetworkActivityIndicatorManager.m; sourceTree = "<group>"; };
		0473E58C1B1478ED0068F814 /* UIActivityIndicatorView+AFNetworking.h */ = {isa = PBXFileReference; fileEncoding = 4; lastKnownFileType = sourcecode.c.h; path = "UIActivityIndicatorView+AFNetworking.h"; sourceTree = "<group>"; };
		0473E58D1B1478ED0068F814 /* UIActivityIndicatorView+AFNetworking.m */ = {isa = PBXFileReference; fileEncoding = 4; lastKnownFileType = sourcecode.c.objc; path = "UIActivityIndicatorView+AFNetworking.m"; sourceTree = "<group>"; };
		0473E58E1B1478ED0068F814 /* UIAlertView+AFNetworking.h */ = {isa = PBXFileReference; fileEncoding = 4; lastKnownFileType = sourcecode.c.h; path = "UIAlertView+AFNetworking.h"; sourceTree = "<group>"; };
		0473E58F1B1478ED0068F814 /* UIAlertView+AFNetworking.m */ = {isa = PBXFileReference; fileEncoding = 4; lastKnownFileType = sourcecode.c.objc; path = "UIAlertView+AFNetworking.m"; sourceTree = "<group>"; };
		0473E5901B1478ED0068F814 /* UIButton+AFNetworking.h */ = {isa = PBXFileReference; fileEncoding = 4; lastKnownFileType = sourcecode.c.h; path = "UIButton+AFNetworking.h"; sourceTree = "<group>"; };
		0473E5911B1478ED0068F814 /* UIButton+AFNetworking.m */ = {isa = PBXFileReference; fileEncoding = 4; lastKnownFileType = sourcecode.c.objc; path = "UIButton+AFNetworking.m"; sourceTree = "<group>"; };
		0473E5921B1478ED0068F814 /* UIImageView+AFNetworking.h */ = {isa = PBXFileReference; fileEncoding = 4; lastKnownFileType = sourcecode.c.h; path = "UIImageView+AFNetworking.h"; sourceTree = "<group>"; };
		0473E5931B1478ED0068F814 /* UIImageView+AFNetworking.m */ = {isa = PBXFileReference; fileEncoding = 4; lastKnownFileType = sourcecode.c.objc; path = "UIImageView+AFNetworking.m"; sourceTree = "<group>"; };
		0473E5941B1478ED0068F814 /* UIKit+AFNetworking.h */ = {isa = PBXFileReference; fileEncoding = 4; lastKnownFileType = sourcecode.c.h; path = "UIKit+AFNetworking.h"; sourceTree = "<group>"; };
		0473E5951B1478ED0068F814 /* UIProgressView+AFNetworking.h */ = {isa = PBXFileReference; fileEncoding = 4; lastKnownFileType = sourcecode.c.h; path = "UIProgressView+AFNetworking.h"; sourceTree = "<group>"; };
		0473E5961B1478ED0068F814 /* UIProgressView+AFNetworking.m */ = {isa = PBXFileReference; fileEncoding = 4; lastKnownFileType = sourcecode.c.objc; path = "UIProgressView+AFNetworking.m"; sourceTree = "<group>"; };
		0473E5971B1478ED0068F814 /* UIRefreshControl+AFNetworking.h */ = {isa = PBXFileReference; fileEncoding = 4; lastKnownFileType = sourcecode.c.h; path = "UIRefreshControl+AFNetworking.h"; sourceTree = "<group>"; };
		0473E5981B1478ED0068F814 /* UIRefreshControl+AFNetworking.m */ = {isa = PBXFileReference; fileEncoding = 4; lastKnownFileType = sourcecode.c.objc; path = "UIRefreshControl+AFNetworking.m"; sourceTree = "<group>"; };
		0473E5991B1478ED0068F814 /* UIWebView+AFNetworking.h */ = {isa = PBXFileReference; fileEncoding = 4; lastKnownFileType = sourcecode.c.h; path = "UIWebView+AFNetworking.h"; sourceTree = "<group>"; };
		0473E59A1B1478ED0068F814 /* UIWebView+AFNetworking.m */ = {isa = PBXFileReference; fileEncoding = 4; lastKnownFileType = sourcecode.c.objc; path = "UIWebView+AFNetworking.m"; sourceTree = "<group>"; };
		0473E59C1B1478ED0068F814 /* Reachability.h */ = {isa = PBXFileReference; fileEncoding = 4; lastKnownFileType = sourcecode.c.h; path = Reachability.h; sourceTree = "<group>"; };
		0473E59D1B1478ED0068F814 /* Reachability.m */ = {isa = PBXFileReference; fileEncoding = 4; lastKnownFileType = sourcecode.c.objc; path = Reachability.m; sourceTree = "<group>"; };
		0473E59F1B1478ED0068F814 /* SVIndefiniteAnimatedView.h */ = {isa = PBXFileReference; fileEncoding = 4; lastKnownFileType = sourcecode.c.h; path = SVIndefiniteAnimatedView.h; sourceTree = "<group>"; };
		0473E5A01B1478ED0068F814 /* SVIndefiniteAnimatedView.m */ = {isa = PBXFileReference; fileEncoding = 4; lastKnownFileType = sourcecode.c.objc; path = SVIndefiniteAnimatedView.m; sourceTree = "<group>"; };
		0473E5A11B1478ED0068F814 /* SVProgressHUD-Prefix.pch */ = {isa = PBXFileReference; fileEncoding = 4; lastKnownFileType = sourcecode.c.h; path = "SVProgressHUD-Prefix.pch"; sourceTree = "<group>"; };
		0473E5A21B1478ED0068F814 /* SVProgressHUD.bundle */ = {isa = PBXFileReference; lastKnownFileType = "wrapper.plug-in"; path = SVProgressHUD.bundle; sourceTree = "<group>"; };
		0473E5A31B1478ED0068F814 /* SVProgressHUD.h */ = {isa = PBXFileReference; fileEncoding = 4; lastKnownFileType = sourcecode.c.h; path = SVProgressHUD.h; sourceTree = "<group>"; };
		0473E5A41B1478ED0068F814 /* SVProgressHUD.m */ = {isa = PBXFileReference; fileEncoding = 4; lastKnownFileType = sourcecode.c.objc; path = SVProgressHUD.m; sourceTree = "<group>"; };
		0473E5C01B14792F0068F814 /* AppDelegate.h */ = {isa = PBXFileReference; fileEncoding = 4; lastKnownFileType = sourcecode.c.h; path = AppDelegate.h; sourceTree = "<group>"; };
		0473E5C11B14792F0068F814 /* AppDelegate.m */ = {isa = PBXFileReference; fileEncoding = 4; lastKnownFileType = sourcecode.c.objc; path = AppDelegate.m; sourceTree = "<group>"; };
		0473E5C31B14792F0068F814 /* ViewController.h */ = {isa = PBXFileReference; fileEncoding = 4; lastKnownFileType = sourcecode.c.h; path = ViewController.h; sourceTree = "<group>"; };
		0473E5C41B14792F0068F814 /* ViewController.m */ = {isa = PBXFileReference; fileEncoding = 4; lastKnownFileType = sourcecode.c.objc; path = ViewController.m; sourceTree = "<group>"; };
		7DDD411D1B13FD790072AF42 /* CollapsableTableView.app */ = {isa = PBXFileReference; explicitFileType = wrapper.application; includeInIndex = 0; path = CollapsableTableView.app; sourceTree = BUILT_PRODUCTS_DIR; };
		7DDD41211B13FD790072AF42 /* Info.plist */ = {isa = PBXFileReference; lastKnownFileType = text.plist.xml; path = Info.plist; sourceTree = "<group>"; };
		7DDD41221B13FD790072AF42 /* main.m */ = {isa = PBXFileReference; lastKnownFileType = sourcecode.c.objc; path = main.m; sourceTree = "<group>"; };
		7DDD412B1B13FD790072AF42 /* Base */ = {isa = PBXFileReference; lastKnownFileType = file.storyboard; name = Base; path = Base.lproj/Main.storyboard; sourceTree = "<group>"; };
		7DDD412D1B13FD790072AF42 /* Images.xcassets */ = {isa = PBXFileReference; lastKnownFileType = folder.assetcatalog; path = Images.xcassets; sourceTree = "<group>"; };
		7DDD41301B13FD790072AF42 /* Base */ = {isa = PBXFileReference; lastKnownFileType = file.xib; name = Base; path = Base.lproj/LaunchScreen.xib; sourceTree = "<group>"; };
		7DDD41361B13FD790072AF42 /* CollapsableTableViewTests.xctest */ = {isa = PBXFileReference; explicitFileType = wrapper.cfbundle; includeInIndex = 0; path = CollapsableTableViewTests.xctest; sourceTree = BUILT_PRODUCTS_DIR; };
		7DDD413B1B13FD790072AF42 /* Info.plist */ = {isa = PBXFileReference; lastKnownFileType = text.plist.xml; path = Info.plist; sourceTree = "<group>"; };
		7DDD413C1B13FD790072AF42 /* CollapsableTableViewTests.m */ = {isa = PBXFileReference; lastKnownFileType = sourcecode.c.objc; path = CollapsableTableViewTests.m; sourceTree = "<group>"; };
		7DDD41461B13FE2C0072AF42 /* ALCustomColoredAccessory.h */ = {isa = PBXFileReference; fileEncoding = 4; lastKnownFileType = sourcecode.c.h; path = ALCustomColoredAccessory.h; sourceTree = "<group>"; };
		7DDD41471B13FE2C0072AF42 /* ALCustomColoredAccessory.m */ = {isa = PBXFileReference; fileEncoding = 4; lastKnownFileType = sourcecode.c.objc; path = ALCustomColoredAccessory.m; sourceTree = "<group>"; };
/* End PBXFileReference section */

/* Begin PBXFrameworksBuildPhase section */
		7DDD411A1B13FD790072AF42 /* Frameworks */ = {
			isa = PBXFrameworksBuildPhase;
			buildActionMask = 2147483647;
			files = (
			);
			runOnlyForDeploymentPostprocessing = 0;
		};
		7DDD41331B13FD790072AF42 /* Frameworks */ = {
			isa = PBXFrameworksBuildPhase;
			buildActionMask = 2147483647;
			files = (
			);
			runOnlyForDeploymentPostprocessing = 0;
		};
/* End PBXFrameworksBuildPhase section */

/* Begin PBXGroup section */
		0473E55E1B1478A80068F814 /* SectionInfo */ = {
			isa = PBXGroup;
			children = (
				0473E55F1B1478A80068F814 /* SectionInfo.h */,
				0473E5601B1478A80068F814 /* SectionInfo.m */,
				0473E5611B1478A80068F814 /* SectionView.h */,
				0473E5621B1478A80068F814 /* SectionView.m */,
			);
			path = SectionInfo;
			sourceTree = "<group>";
		};
		0473E5651B1478ED0068F814 /* Model */ = {
			isa = PBXGroup;
			children = (
				0473E5661B1478ED0068F814 /* Location */,
				0473E56C1B1478ED0068F814 /* WebService Parse */,
			);
			path = Model;
			sourceTree = "<group>";
		};
		0473E5661B1478ED0068F814 /* Location */ = {
			isa = PBXGroup;
			children = (
				0473E5671B1478ED0068F814 /* Cities */,
				0473E56A1B1478ED0068F814 /* Location.h */,
				0473E56B1B1478ED0068F814 /* Location.m */,
			);
			path = Location;
			sourceTree = "<group>";
		};
		0473E5671B1478ED0068F814 /* Cities */ = {
			isa = PBXGroup;
			children = (
				0473E5681B1478ED0068F814 /* Cities.h */,
				0473E5691B1478ED0068F814 /* Cities.m */,
			);
			path = Cities;
			sourceTree = "<group>";
		};
		0473E56C1B1478ED0068F814 /* WebService Parse */ = {
			isa = PBXGroup;
			children = (
				0473E56D1B1478ED0068F814 /* Post */,
			);
			path = "WebService Parse";
			sourceTree = "<group>";
		};
		0473E56D1B1478ED0068F814 /* Post */ = {
			isa = PBXGroup;
			children = (
				0473E56E1B1478ED0068F814 /* Post.h */,
				0473E56F1B1478ED0068F814 /* Post.m */,
			);
			path = Post;
			sourceTree = "<group>";
		};
		0473E5701B1478ED0068F814 /* NetworkingExtension */ = {
			isa = PBXGroup;
			children = (
				0473E5711B1478ED0068F814 /* HealthiansAPI.h */,
				0473E5721B1478ED0068F814 /* HealthiansAPI.m */,
			);
			path = NetworkingExtension;
			sourceTree = "<group>";
		};
		0473E5731B1478ED0068F814 /* Third Party API */ = {
			isa = PBXGroup;
			children = (
				0473E5741B1478ED0068F814 /* AFNetworking */,
				0473E59B1B1478ED0068F814 /* Reachability */,
				0473E59E1B1478ED0068F814 /* SVProgressHUD */,
			);
			path = "Third Party API";
			sourceTree = "<group>";
		};
		0473E5741B1478ED0068F814 /* AFNetworking */ = {
			isa = PBXGroup;
			children = (
				0473E5751B1478ED0068F814 /* AFNetworking */,
				0473E5891B1478ED0068F814 /* UIKit+AFNetworking */,
			);
			path = AFNetworking;
			sourceTree = "<group>";
		};
		0473E5751B1478ED0068F814 /* AFNetworking */ = {
			isa = PBXGroup;
			children = (
				0473E5761B1478ED0068F814 /* AFHTTPRequestOperation.h */,
				0473E5771B1478ED0068F814 /* AFHTTPRequestOperation.m */,
				0473E5781B1478ED0068F814 /* AFHTTPRequestOperationManager.h */,
				0473E5791B1478ED0068F814 /* AFHTTPRequestOperationManager.m */,
				0473E57A1B1478ED0068F814 /* AFHTTPSessionManager.h */,
				0473E57B1B1478ED0068F814 /* AFHTTPSessionManager.m */,
				0473E57C1B1478ED0068F814 /* AFNetworking.h */,
				0473E57D1B1478ED0068F814 /* AFNetworkReachabilityManager.h */,
				0473E57E1B1478ED0068F814 /* AFNetworkReachabilityManager.m */,
				0473E57F1B1478ED0068F814 /* AFSecurityPolicy.h */,
				0473E5801B1478ED0068F814 /* AFSecurityPolicy.m */,
				0473E5811B1478ED0068F814 /* AFURLConnectionOperation.h */,
				0473E5821B1478ED0068F814 /* AFURLConnectionOperation.m */,
				0473E5831B1478ED0068F814 /* AFURLRequestSerialization.h */,
				0473E5841B1478ED0068F814 /* AFURLRequestSerialization.m */,
				0473E5851B1478ED0068F814 /* AFURLResponseSerialization.h */,
				0473E5861B1478ED0068F814 /* AFURLResponseSerialization.m */,
				0473E5871B1478ED0068F814 /* AFURLSessionManager.h */,
				0473E5881B1478ED0068F814 /* AFURLSessionManager.m */,
			);
			path = AFNetworking;
			sourceTree = "<group>";
		};
		0473E5891B1478ED0068F814 /* UIKit+AFNetworking */ = {
			isa = PBXGroup;
			children = (
				0473E58A1B1478ED0068F814 /* AFNetworkActivityIndicatorManager.h */,
				0473E58B1B1478ED0068F814 /* AFNetworkActivityIndicatorManager.m */,
				0473E58C1B1478ED0068F814 /* UIActivityIndicatorView+AFNetworking.h */,
				0473E58D1B1478ED0068F814 /* UIActivityIndicatorView+AFNetworking.m */,
				0473E58E1B1478ED0068F814 /* UIAlertView+AFNetworking.h */,
				0473E58F1B1478ED0068F814 /* UIAlertView+AFNetworking.m */,
				0473E5901B1478ED0068F814 /* UIButton+AFNetworking.h */,
				0473E5911B1478ED0068F814 /* UIButton+AFNetworking.m */,
				0473E5921B1478ED0068F814 /* UIImageView+AFNetworking.h */,
				0473E5931B1478ED0068F814 /* UIImageView+AFNetworking.m */,
				0473E5941B1478ED0068F814 /* UIKit+AFNetworking.h */,
				0473E5951B1478ED0068F814 /* UIProgressView+AFNetworking.h */,
				0473E5961B1478ED0068F814 /* UIProgressView+AFNetworking.m */,
				0473E5971B1478ED0068F814 /* UIRefreshControl+AFNetworking.h */,
				0473E5981B1478ED0068F814 /* UIRefreshControl+AFNetworking.m */,
				0473E5991B1478ED0068F814 /* UIWebView+AFNetworking.h */,
				0473E59A1B1478ED0068F814 /* UIWebView+AFNetworking.m */,
			);
			path = "UIKit+AFNetworking";
			sourceTree = "<group>";
		};
		0473E59B1B1478ED0068F814 /* Reachability */ = {
			isa = PBXGroup;
			children = (
				0473E59C1B1478ED0068F814 /* Reachability.h */,
				0473E59D1B1478ED0068F814 /* Reachability.m */,
			);
			path = Reachability;
			sourceTree = "<group>";
		};
		0473E59E1B1478ED0068F814 /* SVProgressHUD */ = {
			isa = PBXGroup;
			children = (
				0473E59F1B1478ED0068F814 /* SVIndefiniteAnimatedView.h */,
				0473E5A01B1478ED0068F814 /* SVIndefiniteAnimatedView.m */,
				0473E5A11B1478ED0068F814 /* SVProgressHUD-Prefix.pch */,
				0473E5A21B1478ED0068F814 /* SVProgressHUD.bundle */,
				0473E5A31B1478ED0068F814 /* SVProgressHUD.h */,
				0473E5A41B1478ED0068F814 /* SVProgressHUD.m */,
			);
			path = SVProgressHUD;
			sourceTree = "<group>";
		};
		0473E5BE1B14792F0068F814 /* Classes */ = {
			isa = PBXGroup;
			children = (
				0473E5BF1B14792F0068F814 /* AppDelegate */,
				0473E5C21B14792F0068F814 /* ViewControllers */,
			);
			path = Classes;
			sourceTree = "<group>";
		};
		0473E5BF1B14792F0068F814 /* AppDelegate */ = {
			isa = PBXGroup;
			children = (
				0473E5C01B14792F0068F814 /* AppDelegate.h */,
				0473E5C11B14792F0068F814 /* AppDelegate.m */,
			);
			path = AppDelegate;
			sourceTree = "<group>";
		};
		0473E5C21B14792F0068F814 /* ViewControllers */ = {
			isa = PBXGroup;
			children = (
				0473E5C31B14792F0068F814 /* ViewController.h */,
				0473E5C41B14792F0068F814 /* ViewController.m */,
			);
			path = ViewControllers;
			sourceTree = "<group>";
		};
		7DDD41141B13FD790072AF42 = {
			isa = PBXGroup;
			children = (
				7DDD411F1B13FD790072AF42 /* CollapsableTableView */,
				7DDD41391B13FD790072AF42 /* CollapsableTableViewTests */,
				7DDD411E1B13FD790072AF42 /* Products */,
			);
			sourceTree = "<group>";
		};
		7DDD411E1B13FD790072AF42 /* Products */ = {
			isa = PBXGroup;
			children = (
				7DDD411D1B13FD790072AF42 /* CollapsableTableView.app */,
				7DDD41361B13FD790072AF42 /* CollapsableTableViewTests.xctest */,
			);
			name = Products;
			sourceTree = "<group>";
		};
		7DDD411F1B13FD790072AF42 /* CollapsableTableView */ = {
			isa = PBXGroup;
			children = (
				0473E5BE1B14792F0068F814 /* Classes */,
				0473E5651B1478ED0068F814 /* Model */,
				0473E5701B1478ED0068F814 /* NetworkingExtension */,
				0473E5731B1478ED0068F814 /* Third Party API */,
				0473E55E1B1478A80068F814 /* SectionInfo */,
				7DDD41461B13FE2C0072AF42 /* ALCustomColoredAccessory.h */,
				7DDD41471B13FE2C0072AF42 /* ALCustomColoredAccessory.m */,
				0473E5581B1472D40068F814 /* plus.png */,
				0473E5591B1472D40068F814 /* plus@2x.png */,
				0473E55A1B1472D40068F814 /* plus@3x.png */,
				7DDD412A1B13FD790072AF42 /* Main.storyboard */,
				7DDD412D1B13FD790072AF42 /* Images.xcassets */,
				7DDD412F1B13FD790072AF42 /* LaunchScreen.xib */,
				7DDD41201B13FD790072AF42 /* Supporting Files */,
			);
			path = CollapsableTableView;
			sourceTree = "<group>";
		};
		7DDD41201B13FD790072AF42 /* Supporting Files */ = {
			isa = PBXGroup;
			children = (
				7DDD41211B13FD790072AF42 /* Info.plist */,
				7DDD41221B13FD790072AF42 /* main.m */,
			);
			name = "Supporting Files";
			sourceTree = "<group>";
		};
		7DDD41391B13FD790072AF42 /* CollapsableTableViewTests */ = {
			isa = PBXGroup;
			children = (
				7DDD413C1B13FD790072AF42 /* CollapsableTableViewTests.m */,
				7DDD413A1B13FD790072AF42 /* Supporting Files */,
			);
			path = CollapsableTableViewTests;
			sourceTree = "<group>";
		};
		7DDD413A1B13FD790072AF42 /* Supporting Files */ = {
			isa = PBXGroup;
			children = (
				7DDD413B1B13FD790072AF42 /* Info.plist */,
			);
			name = "Supporting Files";
			sourceTree = "<group>";
		};
/* End PBXGroup section */

/* Begin PBXNativeTarget section */
		7DDD411C1B13FD790072AF42 /* CollapsableTableView */ = {
			isa = PBXNativeTarget;
			buildConfigurationList = 7DDD41401B13FD790072AF42 /* Build configuration list for PBXNativeTarget "CollapsableTableView" */;
			buildPhases = (
				7DDD41191B13FD790072AF42 /* Sources */,
				7DDD411A1B13FD790072AF42 /* Frameworks */,
				7DDD411B1B13FD790072AF42 /* Resources */,
			);
			buildRules = (
			);
			dependencies = (
			);
			name = CollapsableTableView;
			productName = CollapsableTableView;
			productReference = 7DDD411D1B13FD790072AF42 /* CollapsableTableView.app */;
			productType = "com.apple.product-type.application";
		};
		7DDD41351B13FD790072AF42 /* CollapsableTableViewTests */ = {
			isa = PBXNativeTarget;
			buildConfigurationList = 7DDD41431B13FD790072AF42 /* Build configuration list for PBXNativeTarget "CollapsableTableViewTests" */;
			buildPhases = (
				7DDD41321B13FD790072AF42 /* Sources */,
				7DDD41331B13FD790072AF42 /* Frameworks */,
				7DDD41341B13FD790072AF42 /* Resources */,
			);
			buildRules = (
			);
			dependencies = (
				7DDD41381B13FD790072AF42 /* PBXTargetDependency */,
			);
			name = CollapsableTableViewTests;
			productName = CollapsableTableViewTests;
			productReference = 7DDD41361B13FD790072AF42 /* CollapsableTableViewTests.xctest */;
			productType = "com.apple.product-type.bundle.unit-test";
		};
/* End PBXNativeTarget section */

/* Begin PBXProject section */
		7DDD41151B13FD790072AF42 /* Project object */ = {
			isa = PBXProject;
			attributes = {
				LastUpgradeCheck = 0630;
				ORGANIZATIONNAME = Healthians.com;
				TargetAttributes = {
					7DDD411C1B13FD790072AF42 = {
						CreatedOnToolsVersion = 6.3.2;
					};
					7DDD41351B13FD790072AF42 = {
						CreatedOnToolsVersion = 6.3.2;
						TestTargetID = 7DDD411C1B13FD790072AF42;
					};
				};
			};
			buildConfigurationList = 7DDD41181B13FD790072AF42 /* Build configuration list for PBXProject "CollapsableTableView" */;
			compatibilityVersion = "Xcode 3.2";
			developmentRegion = English;
			hasScannedForEncodings = 0;
			knownRegions = (
				en,
				Base,
			);
			mainGroup = 7DDD41141B13FD790072AF42;
			productRefGroup = 7DDD411E1B13FD790072AF42 /* Products */;
			projectDirPath = "";
			projectRoot = "";
			targets = (
				7DDD411C1B13FD790072AF42 /* CollapsableTableView */,
				7DDD41351B13FD790072AF42 /* CollapsableTableViewTests */,
			);
		};
/* End PBXProject section */

/* Begin PBXResourcesBuildPhase section */
		7DDD411B1B13FD790072AF42 /* Resources */ = {
			isa = PBXResourcesBuildPhase;
			buildActionMask = 2147483647;
			files = (
				0473E5BC1B1478ED0068F814 /* SVProgressHUD.bundle in Resources */,
				7DDD412C1B13FD790072AF42 /* Main.storyboard in Resources */,
				0473E55B1B1472D40068F814 /* plus.png in Resources */,
				0473E55C1B1472D40068F814 /* plus@2x.png in Resources */,
				7DDD41311B13FD790072AF42 /* LaunchScreen.xib in Resources */,
				0473E55D1B1472D40068F814 /* plus@3x.png in Resources */,
				7DDD412E1B13FD790072AF42 /* Images.xcassets in Resources */,
			);
			runOnlyForDeploymentPostprocessing = 0;
		};
		7DDD41341B13FD790072AF42 /* Resources */ = {
			isa = PBXResourcesBuildPhase;
			buildActionMask = 2147483647;
			files = (
			);
			runOnlyForDeploymentPostprocessing = 0;
		};
/* End PBXResourcesBuildPhase section */

/* Begin PBXSourcesBuildPhase section */
		7DDD41191B13FD790072AF42 /* Sources */ = {
			isa = PBXSourcesBuildPhase;
			buildActionMask = 2147483647;
			files = (
				0473E5AE1B1478ED0068F814 /* AFURLConnectionOperation.m in Sources */,
				0473E5631B1478A80068F814 /* SectionInfo.m in Sources */,
				0473E5AD1B1478ED0068F814 /* AFSecurityPolicy.m in Sources */,
				0473E5B71B1478ED0068F814 /* UIProgressView+AFNetworking.m in Sources */,
				0473E5B41B1478ED0068F814 /* UIAlertView+AFNetworking.m in Sources */,
				0473E5B21B1478ED0068F814 /* AFNetworkActivityIndicatorManager.m in Sources */,
				0473E5AA1B1478ED0068F814 /* AFHTTPRequestOperationManager.m in Sources */,
				0473E5B51B1478ED0068F814 /* UIButton+AFNetworking.m in Sources */,
				0473E5B31B1478ED0068F814 /* UIActivityIndicatorView+AFNetworking.m in Sources */,
				0473E5BA1B1478ED0068F814 /* Reachability.m in Sources */,
				0473E5A51B1478ED0068F814 /* Cities.m in Sources */,
				0473E5BB1B1478ED0068F814 /* SVIndefiniteAnimatedView.m in Sources */,
				0473E5B91B1478ED0068F814 /* UIWebView+AFNetworking.m in Sources */,
				0473E5A81B1478ED0068F814 /* HealthiansAPI.m in Sources */,
				7DDD41481B13FE2C0072AF42 /* ALCustomColoredAccessory.m in Sources */,
				0473E5A71B1478ED0068F814 /* Post.m in Sources */,
				0473E5BD1B1478ED0068F814 /* SVProgressHUD.m in Sources */,
				0473E5C51B14792F0068F814 /* AppDelegate.m in Sources */,
				0473E5B11B1478ED0068F814 /* AFURLSessionManager.m in Sources */,
				0473E5B01B1478ED0068F814 /* AFURLResponseSerialization.m in Sources */,
				7DDD41231B13FD790072AF42 /* main.m in Sources */,
				0473E5A61B1478ED0068F814 /* Location.m in Sources */,
				0473E5AF1B1478ED0068F814 /* AFURLRequestSerialization.m in Sources */,
				0473E5B81B1478ED0068F814 /* UIRefreshControl+AFNetworking.m in Sources */,
				0473E5C61B14792F0068F814 /* ViewController.m in Sources */,
				0473E5B61B1478ED0068F814 /* UIImageView+AFNetworking.m in Sources */,
				0473E5AC1B1478ED0068F814 /* AFNetworkReachabilityManager.m in Sources */,
				0473E5641B1478A80068F814 /* SectionView.m in Sources */,
				0473E5A91B1478ED0068F814 /* AFHTTPRequestOperation.m in Sources */,
				0473E5AB1B1478ED0068F814 /* AFHTTPSessionManager.m in Sources */,
			);
			runOnlyForDeploymentPostprocessing = 0;
		};
		7DDD41321B13FD790072AF42 /* Sources */ = {
			isa = PBXSourcesBuildPhase;
			buildActionMask = 2147483647;
			files = (
				7DDD413D1B13FD790072AF42 /* CollapsableTableViewTests.m in Sources */,
			);
			runOnlyForDeploymentPostprocessing = 0;
		};
/* End PBXSourcesBuildPhase section */

/* Begin PBXTargetDependency section */
		7DDD41381B13FD790072AF42 /* PBXTargetDependency */ = {
			isa = PBXTargetDependency;
			target = 7DDD411C1B13FD790072AF42 /* CollapsableTableView */;
			targetProxy = 7DDD41371B13FD790072AF42 /* PBXContainerItemProxy */;
		};
/* End PBXTargetDependency section */

/* Begin PBXVariantGroup section */
		7DDD412A1B13FD790072AF42 /* Main.storyboard */ = {
			isa = PBXVariantGroup;
			children = (
				7DDD412B1B13FD790072AF42 /* Base */,
			);
			name = Main.storyboard;
			sourceTree = "<group>";
		};
		7DDD412F1B13FD790072AF42 /* LaunchScreen.xib */ = {
			isa = PBXVariantGroup;
			children = (
				7DDD41301B13FD790072AF42 /* Base */,
			);
			name = LaunchScreen.xib;
			sourceTree = "<group>";
		};
/* End PBXVariantGroup section */

/* Begin XCBuildConfiguration section */
		7DDD413E1B13FD790072AF42 /* Debug */ = {
			isa = XCBuildConfiguration;
			buildSettings = {
				ALWAYS_SEARCH_USER_PATHS = NO;
				CLANG_CXX_LANGUAGE_STANDARD = "gnu++0x";
				CLANG_CXX_LIBRARY = "libc++";
				CLANG_ENABLE_MODULES = YES;
				CLANG_ENABLE_OBJC_ARC = YES;
				CLANG_WARN_BOOL_CONVERSION = YES;
				CLANG_WARN_CONSTANT_CONVERSION = YES;
				CLANG_WARN_DIRECT_OBJC_ISA_USAGE = YES_ERROR;
				CLANG_WARN_EMPTY_BODY = YES;
				CLANG_WARN_ENUM_CONVERSION = YES;
				CLANG_WARN_INT_CONVERSION = YES;
				CLANG_WARN_OBJC_ROOT_CLASS = YES_ERROR;
				CLANG_WARN_UNREACHABLE_CODE = YES;
				CLANG_WARN__DUPLICATE_METHOD_MATCH = YES;
				"CODE_SIGN_IDENTITY[sdk=iphoneos*]" = "iPhone Developer";
				COPY_PHASE_STRIP = NO;
				DEBUG_INFORMATION_FORMAT = "dwarf-with-dsym";
				ENABLE_STRICT_OBJC_MSGSEND = YES;
				GCC_C_LANGUAGE_STANDARD = gnu99;
				GCC_DYNAMIC_NO_PIC = NO;
				GCC_NO_COMMON_BLOCKS = YES;
				GCC_OPTIMIZATION_LEVEL = 0;
				GCC_PREPROCESSOR_DEFINITIONS = (
					"DEBUG=1",
					"$(inherited)",
				);
				GCC_SYMBOLS_PRIVATE_EXTERN = NO;
				GCC_WARN_64_TO_32_BIT_CONVERSION = YES;
				GCC_WARN_ABOUT_RETURN_TYPE = YES_ERROR;
				GCC_WARN_UNDECLARED_SELECTOR = YES;
				GCC_WARN_UNINITIALIZED_AUTOS = YES_AGGRESSIVE;
				GCC_WARN_UNUSED_FUNCTION = YES;
				GCC_WARN_UNUSED_VARIABLE = YES;
				IPHONEOS_DEPLOYMENT_TARGET = 8.3;
				MTL_ENABLE_DEBUG_INFO = YES;
				ONLY_ACTIVE_ARCH = YES;
				SDKROOT = iphoneos;
			};
			name = Debug;
		};
		7DDD413F1B13FD790072AF42 /* Release */ = {
			isa = XCBuildConfiguration;
			buildSettings = {
				ALWAYS_SEARCH_USER_PATHS = NO;
				CLANG_CXX_LANGUAGE_STANDARD = "gnu++0x";
				CLANG_CXX_LIBRARY = "libc++";
				CLANG_ENABLE_MODULES = YES;
				CLANG_ENABLE_OBJC_ARC = YES;
				CLANG_WARN_BOOL_CONVERSION = YES;
				CLANG_WARN_CONSTANT_CONVERSION = YES;
				CLANG_WARN_DIRECT_OBJC_ISA_USAGE = YES_ERROR;
				CLANG_WARN_EMPTY_BODY = YES;
				CLANG_WARN_ENUM_CONVERSION = YES;
				CLANG_WARN_INT_CONVERSION = YES;
				CLANG_WARN_OBJC_ROOT_CLASS = YES_ERROR;
				CLANG_WARN_UNREACHABLE_CODE = YES;
				CLANG_WARN__DUPLICATE_METHOD_MATCH = YES;
				"CODE_SIGN_IDENTITY[sdk=iphoneos*]" = "iPhone Developer";
				COPY_PHASE_STRIP = NO;
				DEBUG_INFORMATION_FORMAT = "dwarf-with-dsym";
				ENABLE_NS_ASSERTIONS = NO;
				ENABLE_STRICT_OBJC_MSGSEND = YES;
				GCC_C_LANGUAGE_STANDARD = gnu99;
				GCC_NO_COMMON_BLOCKS = YES;
				GCC_WARN_64_TO_32_BIT_CONVERSION = YES;
				GCC_WARN_ABOUT_RETURN_TYPE = YES_ERROR;
				GCC_WARN_UNDECLARED_SELECTOR = YES;
				GCC_WARN_UNINITIALIZED_AUTOS = YES_AGGRESSIVE;
				GCC_WARN_UNUSED_FUNCTION = YES;
				GCC_WARN_UNUSED_VARIABLE = YES;
				IPHONEOS_DEPLOYMENT_TARGET = 8.3;
				MTL_ENABLE_DEBUG_INFO = NO;
				SDKROOT = iphoneos;
				VALIDATE_PRODUCT = YES;
			};
			name = Release;
		};
		7DDD41411B13FD790072AF42 /* Debug */ = {
			isa = XCBuildConfiguration;
			buildSettings = {
				ASSETCATALOG_COMPILER_APPICON_NAME = AppIcon;
				INFOPLIST_FILE = CollapsableTableView/Info.plist;
				LD_RUNPATH_SEARCH_PATHS = "$(inherited) @executable_path/Frameworks";
				PRODUCT_NAME = "$(TARGET_NAME)";
			};
			name = Debug;
		};
		7DDD41421B13FD790072AF42 /* Release */ = {
			isa = XCBuildConfiguration;
			buildSettings = {
				ASSETCATALOG_COMPILER_APPICON_NAME = AppIcon;
				INFOPLIST_FILE = CollapsableTableView/Info.plist;
				LD_RUNPATH_SEARCH_PATHS = "$(inherited) @executable_path/Frameworks";
				PRODUCT_NAME = "$(TARGET_NAME)";
			};
			name = Release;
		};
		7DDD41441B13FD790072AF42 /* Debug */ = {
			isa = XCBuildConfiguration;
			buildSettings = {
				BUNDLE_LOADER = "$(TEST_HOST)";
				FRAMEWORK_SEARCH_PATHS = (
					"$(SDKROOT)/Developer/Library/Frameworks",
					"$(inherited)",
				);
				GCC_PREPROCESSOR_DEFINITIONS = (
					"DEBUG=1",
					"$(inherited)",
				);
				INFOPLIST_FILE = CollapsableTableViewTests/Info.plist;
				LD_RUNPATH_SEARCH_PATHS = "$(inherited) @executable_path/Frameworks @loader_path/Frameworks";
				PRODUCT_NAME = "$(TARGET_NAME)";
				TEST_HOST = "$(BUILT_PRODUCTS_DIR)/CollapsableTableView.app/CollapsableTableView";
			};
			name = Debug;
		};
		7DDD41451B13FD790072AF42 /* Release */ = {
			isa = XCBuildConfiguration;
			buildSettings = {
				BUNDLE_LOADER = "$(TEST_HOST)";
				FRAMEWORK_SEARCH_PATHS = (
					"$(SDKROOT)/Developer/Library/Frameworks",
					"$(inherited)",
				);
				INFOPLIST_FILE = CollapsableTableViewTests/Info.plist;
				LD_RUNPATH_SEARCH_PATHS = "$(inherited) @executable_path/Frameworks @loader_path/Frameworks";
				PRODUCT_NAME = "$(TARGET_NAME)";
				TEST_HOST = "$(BUILT_PRODUCTS_DIR)/CollapsableTableView.app/CollapsableTableView";
			};
			name = Release;
		};
/* End XCBuildConfiguration section */

/* Begin XCConfigurationList section */
		7DDD41181B13FD790072AF42 /* Build configuration list for PBXProject "CollapsableTableView" */ = {
			isa = XCConfigurationList;
			buildConfigurations = (
				7DDD413E1B13FD790072AF42 /* Debug */,
				7DDD413F1B13FD790072AF42 /* Release */,
			);
			defaultConfigurationIsVisible = 0;
			defaultConfigurationName = Release;
		};
		7DDD41401B13FD790072AF42 /* Build configuration list for PBXNativeTarget "CollapsableTableView" */ = {
			isa = XCConfigurationList;
			buildConfigurations = (
				7DDD41411B13FD790072AF42 /* Debug */,
				7DDD41421B13FD790072AF42 /* Release */,
			);
			defaultConfigurationIsVisible = 0;
			defaultConfigurationName = Release;
		};
		7DDD41431B13FD790072AF42 /* Build configuration list for PBXNativeTarget "CollapsableTableViewTests" */ = {
			isa = XCConfigurationList;
			buildConfigurations = (
				7DDD41441B13FD790072AF42 /* Debug */,
				7DDD41451B13FD790072AF42 /* Release */,
			);
			defaultConfigurationIsVisible = 0;
			defaultConfigurationName = Release;
		};
/* End XCConfigurationList section */
	};
	rootObject = 7DDD41151B13FD790072AF42 /* Project object */;
}
